
Microsoft Visual Studio Solution File, Format Version 12.00
# Visual Studio Version 16
VisualStudioVersion = 16.0.31515.178
MinimumVisualStudioVersion = 10.0.40219.1
Project("{FAE04EC0-301F-11D3-BF4B-00C04F79EFBC}") = "Sunglasses_Assignment1_Ssoma", "Sunglasses_Assignment1_Ssoma.csproj", "{6A2043C3-2315-4CC9-BBCB-3A0030C813FE}"
EndProject
Global
	GlobalSection(SolutionConfigurationPlatforms) = preSolution
		Debug|Any CPU = Debug|Any CPU
		Release|Any CPU = Release|Any CPU
	EndGlobalSection
	GlobalSection(ProjectConfigurationPlatforms) = postSolution
		{6A2043C3-2315-4CC9-BBCB-3A0030C813FE}.Debug|Any CPU.ActiveCfg = Debug|Any CPU
		{6A2043C3-2315-4CC9-BBCB-3A0030C813FE}.Debug|Any CPU.Build.0 = Debug|Any CPU
		{6A2043C3-2315-4CC9-BBCB-3A0030C813FE}.Release|Any CPU.ActiveCfg = Release|Any CPU
		{6A2043C3-2315-4CC9-BBCB-3A0030C813FE}.Release|Any CPU.Build.0 = Release|Any CPU
	EndGlobalSection
	GlobalSection(SolutionProperties) = preSolution
		HideSolutionNode = FALSE
	EndGlobalSection
	GlobalSection(ExtensibilityGlobals) = postSolution
		SolutionGuid = {D64CDB8D-46E4-46E0-8D1B-161D3005C543}
	EndGlobalSection
EndGlobal
